
Microsoft Visual Studio Solution File, Format Version 12.00
# Visual Studio 15
VisualStudioVersion = 15.0.28010.0
MinimumVisualStudioVersion = 10.0.40219.1
Project("{FAE04EC0-301F-11D3-BF4B-00C04F79EFBC}") = "Randomised_Selection", "Randomised_Selection\Randomised_Selection.csproj", "{95D7AAE1-31E4-49FC-ACF0-8BB82EA3FD77}"
EndProject
Global
	GlobalSection(SolutionConfigurationPlatforms) = preSolution
		Debug|Any CPU = Debug|Any CPU
		Release|Any CPU = Release|Any CPU
	EndGlobalSection
	GlobalSection(ProjectConfigurationPlatforms) = postSolution
		{95D7AAE1-31E4-49FC-ACF0-8BB82EA3FD77}.Debug|Any CPU.ActiveCfg = Debug|Any CPU
		{95D7AAE1-31E4-49FC-ACF0-8BB82EA3FD77}.Debug|Any CPU.Build.0 = Debug|Any CPU
		{95D7AAE1-31E4-49FC-ACF0-8BB82EA3FD77}.Release|Any CPU.ActiveCfg = Release|Any CPU
		{95D7AAE1-31E4-49FC-ACF0-8BB82EA3FD77}.Release|Any CPU.Build.0 = Release|Any CPU
	EndGlobalSection
	GlobalSection(SolutionProperties) = preSolution
		HideSolutionNode = FALSE
	EndGlobalSection
	GlobalSection(ExtensibilityGlobals) = postSolution
		SolutionGuid = {7E8551F4-D93C-4C9C-9441-74A32CBF8399}
	EndGlobalSection
EndGlobal
