
Microsoft Visual Studio Solution File, Format Version 12.00
# Visual Studio 15
VisualStudioVersion = 15.0.27703.2042
MinimumVisualStudioVersion = 10.0.40219.1
Project("{FAE04EC0-301F-11D3-BF4B-00C04F79EFBC}") = "Get_2nd_largest_num", "Get_2nd_largest_num\Get_2nd_largest_num.csproj", "{A6B099FD-7B79-43F4-8C62-1B01AC7B4DF9}"
EndProject
Global
	GlobalSection(SolutionConfigurationPlatforms) = preSolution
		Debug|Any CPU = Debug|Any CPU
		Release|Any CPU = Release|Any CPU
	EndGlobalSection
	GlobalSection(ProjectConfigurationPlatforms) = postSolution
		{A6B099FD-7B79-43F4-8C62-1B01AC7B4DF9}.Debug|Any CPU.ActiveCfg = Debug|Any CPU
		{A6B099FD-7B79-43F4-8C62-1B01AC7B4DF9}.Debug|Any CPU.Build.0 = Debug|Any CPU
		{A6B099FD-7B79-43F4-8C62-1B01AC7B4DF9}.Release|Any CPU.ActiveCfg = Release|Any CPU
		{A6B099FD-7B79-43F4-8C62-1B01AC7B4DF9}.Release|Any CPU.Build.0 = Release|Any CPU
	EndGlobalSection
	GlobalSection(SolutionProperties) = preSolution
		HideSolutionNode = FALSE
	EndGlobalSection
	GlobalSection(ExtensibilityGlobals) = postSolution
		SolutionGuid = {EB355D5E-CE35-4695-9764-EFB64BB91E13}
	EndGlobalSection
EndGlobal
